
Microsoft Visual Studio Solution File, Format Version 12.00
# Visual Studio Version 17
VisualStudioVersion = 17.5.33530.505
MinimumVisualStudioVersion = 10.0.40219.1
Project("{FAE04EC0-301F-11D3-BF4B-00C04F79EFBC}") = "ThreadsInCsharp", "ThreadsInCsharp.csproj", "{D1082E12-C579-4246-8762-5EF9933B6CA5}"
EndProject
Global
	GlobalSection(SolutionConfigurationPlatforms) = preSolution
		Debug|Any CPU = Debug|Any CPU
		Release|Any CPU = Release|Any CPU
	EndGlobalSection
	GlobalSection(ProjectConfigurationPlatforms) = postSolution
		{D1082E12-C579-4246-8762-5EF9933B6CA5}.Debug|Any CPU.ActiveCfg = Debug|Any CPU
		{D1082E12-C579-4246-8762-5EF9933B6CA5}.Debug|Any CPU.Build.0 = Debug|Any CPU
		{D1082E12-C579-4246-8762-5EF9933B6CA5}.Release|Any CPU.ActiveCfg = Release|Any CPU
		{D1082E12-C579-4246-8762-5EF9933B6CA5}.Release|Any CPU.Build.0 = Release|Any CPU
	EndGlobalSection
	GlobalSection(SolutionProperties) = preSolution
		HideSolutionNode = FALSE
	EndGlobalSection
	GlobalSection(ExtensibilityGlobals) = postSolution
		SolutionGuid = {90A3030D-C54D-4FC6-B948-DF2B3344C8EB}
	EndGlobalSection
EndGlobal
