
Microsoft Visual Studio Solution File, Format Version 12.00
# Visual Studio Version 17
VisualStudioVersion = 17.5.33530.505
MinimumVisualStudioVersion = 10.0.40219.1
Project("{FAE04EC0-301F-11D3-BF4B-00C04F79EFBC}") = "ReadFileProject", "ReadFileProject.csproj", "{2C436D80-F825-4109-9865-8698B69E6C03}"
EndProject
Global
	GlobalSection(SolutionConfigurationPlatforms) = preSolution
		Debug|Any CPU = Debug|Any CPU
		Release|Any CPU = Release|Any CPU
	EndGlobalSection
	GlobalSection(ProjectConfigurationPlatforms) = postSolution
		{2C436D80-F825-4109-9865-8698B69E6C03}.Debug|Any CPU.ActiveCfg = Debug|Any CPU
		{2C436D80-F825-4109-9865-8698B69E6C03}.Debug|Any CPU.Build.0 = Debug|Any CPU
		{2C436D80-F825-4109-9865-8698B69E6C03}.Release|Any CPU.ActiveCfg = Release|Any CPU
		{2C436D80-F825-4109-9865-8698B69E6C03}.Release|Any CPU.Build.0 = Release|Any CPU
	EndGlobalSection
	GlobalSection(SolutionProperties) = preSolution
		HideSolutionNode = FALSE
	EndGlobalSection
	GlobalSection(ExtensibilityGlobals) = postSolution
		SolutionGuid = {D0202D58-C53A-4426-BCA0-AB01DC43ADD7}
	EndGlobalSection
EndGlobal
